// !$*UTF8*$!
{
	archiveVersion = 1;
	classes = {
	};
	objectVersion = 46;
	objects = {

/* Begin PBXBuildFile section */
		002217C41930A722003786EA /* Foundation.framework in Frameworks */ = {isa = PBXBuildFile; fileRef = 002217C31930A722003786EA /* Foundation.framework */; };
		002217C61930A722003786EA /* CoreGraphics.framework in Frameworks */ = {isa = PBXBuildFile; fileRef = 002217C51930A722003786EA /* CoreGraphics.framework */; };
		002217C81930A722003786EA /* UIKit.framework in Frameworks */ = {isa = PBXBuildFile; fileRef = 002217C71930A722003786EA /* UIKit.framework */; };
		002217CE1930A722003786EA /* InfoPlist.strings in Resources */ = {isa = PBXBuildFile; fileRef = 002217CC1930A722003786EA /* InfoPlist.strings */; };
		002217D01930A722003786EA /* main.m in Sources */ = {isa = PBXBuildFile; fileRef = 002217CF1930A722003786EA /* main.m */; };
		002217D41930A722003786EA /* CTAppDelegate.m in Sources */ = {isa = PBXBuildFile; fileRef = 002217D31930A722003786EA /* CTAppDelegate.m */; };
		002217DD1930A722003786EA /* GameViewController.m in Sources */ = {isa = PBXBuildFile; fileRef = 002217DC1930A722003786EA /* GameViewController.m */; };
		002217DF1930A722003786EA /* Images.xcassets in Resources */ = {isa = PBXBuildFile; fileRef = 002217DE1930A722003786EA /* Images.xcassets */; };
		002217E61930A723003786EA /* XCTest.framework in Frameworks */ = {isa = PBXBuildFile; fileRef = 002217E51930A723003786EA /* XCTest.framework */; };
		002217E71930A723003786EA /* Foundation.framework in Frameworks */ = {isa = PBXBuildFile; fileRef = 002217C31930A722003786EA /* Foundation.framework */; };
		002217E81930A723003786EA /* UIKit.framework in Frameworks */ = {isa = PBXBuildFile; fileRef = 002217C71930A722003786EA /* UIKit.framework */; };
		002217F01930A723003786EA /* InfoPlist.strings in Resources */ = {isa = PBXBuildFile; fileRef = 002217EE1930A723003786EA /* InfoPlist.strings */; };
		002217F21930A723003786EA /* Prototype1Tests.m in Sources */ = {isa = PBXBuildFile; fileRef = 002217F11930A723003786EA /* Prototype1Tests.m */; };
		002217FD1930BAE7003786EA /* ImgFallsViewController.m in Sources */ = {isa = PBXBuildFile; fileRef = 002217FC1930BAE7003786EA /* ImgFallsViewController.m */; };
		724D49DD1931134300AADD71 /* Main.storyboard in Resources */ = {isa = PBXBuildFile; fileRef = 724D49DC1931134300AADD71 /* Main.storyboard */; };
		724D49DF1931135200AADD71 /* Main~ipad.storyboard in Resources */ = {isa = PBXBuildFile; fileRef = 724D49DE1931135200AADD71 /* Main~ipad.storyboard */; };
		724D4AFA1931434200AADD71 /* 3q_my.png in Resources */ = {isa = PBXBuildFile; fileRef = 724D4AF91931434200AADD71 /* 3q_my.png */; };
		725C769C193146BF00C10295 /* Apple.png in Resources */ = {isa = PBXBuildFile; fileRef = 725C769B193146BF00C10295 /* Apple.png */; };
		72A6DEBF193189470055AB66 /* bg.png in Resources */ = {isa = PBXBuildFile; fileRef = 72A6DEBE193189470055AB66 /* bg.png */; };
/* End PBXBuildFile section */

/* Begin PBXContainerItemProxy section */
		002217E91930A723003786EA /* PBXContainerItemProxy */ = {
			isa = PBXContainerItemProxy;
			containerPortal = 002217B81930A722003786EA /* Project object */;
			proxyType = 1;
			remoteGlobalIDString = 002217BF1930A722003786EA;
			remoteInfo = Prototype1;
		};
/* End PBXContainerItemProxy section */

/* Begin PBXFileReference section */
		002217C01930A722003786EA /* Prototype1.app */ = {isa = PBXFileReference; explicitFileType = wrapper.application; includeInIndex = 0; path = Prototype1.app; sourceTree = BUILT_PRODUCTS_DIR; };
		002217C31930A722003786EA /* Foundation.framework */ = {isa = PBXFileReference; lastKnownFileType = wrapper.framework; name = Foundation.framework; path = System/Library/Frameworks/Foundation.framework; sourceTree = SDKROOT; };
		002217C51930A722003786EA /* CoreGraphics.framework */ = {isa = PBXFileReference; lastKnownFileType = wrapper.framework; name = CoreGraphics.framework; path = System/Library/Frameworks/CoreGraphics.framework; sourceTree = SDKROOT; };
		002217C71930A722003786EA /* UIKit.framework */ = {isa = PBXFileReference; lastKnownFileType = wrapper.framework; name = UIKit.framework; path = System/Library/Frameworks/UIKit.framework; sourceTree = SDKROOT; };
		002217CB1930A722003786EA /* Prototype1-Info.plist */ = {isa = PBXFileReference; lastKnownFileType = text.plist.xml; path = "Prototype1-Info.plist"; sourceTree = "<group>"; };
		002217CD1930A722003786EA /* en */ = {isa = PBXFileReference; lastKnownFileType = text.plist.strings; name = en; path = en.lproj/InfoPlist.strings; sourceTree = "<group>"; };
		002217CF1930A722003786EA /* main.m */ = {isa = PBXFileReference; lastKnownFileType = sourcecode.c.objc; path = main.m; sourceTree = "<group>"; };
		002217D11930A722003786EA /* Prototype1-Prefix.pch */ = {isa = PBXFileReference; lastKnownFileType = sourcecode.c.h; path = "Prototype1-Prefix.pch"; sourceTree = "<group>"; };
		002217D21930A722003786EA /* CTAppDelegate.h */ = {isa = PBXFileReference; lastKnownFileType = sourcecode.c.h; path = CTAppDelegate.h; sourceTree = "<group>"; };
		002217D31930A722003786EA /* CTAppDelegate.m */ = {isa = PBXFileReference; lastKnownFileType = sourcecode.c.objc; path = CTAppDelegate.m; sourceTree = "<group>"; };
		002217DB1930A722003786EA /* GameViewController.h */ = {isa = PBXFileReference; lastKnownFileType = sourcecode.c.h; path = GameViewController.h; sourceTree = "<group>"; };
		002217DC1930A722003786EA /* GameViewController.m */ = {isa = PBXFileReference; lastKnownFileType = sourcecode.c.objc; path = GameViewController.m; sourceTree = "<group>"; };
		002217DE1930A722003786EA /* Images.xcassets */ = {isa = PBXFileReference; lastKnownFileType = folder.assetcatalog; path = Images.xcassets; sourceTree = "<group>"; };
		002217E41930A723003786EA /* Prototype1Tests.xctest */ = {isa = PBXFileReference; explicitFileType = wrapper.cfbundle; includeInIndex = 0; path = Prototype1Tests.xctest; sourceTree = BUILT_PRODUCTS_DIR; };
		002217E51930A723003786EA /* XCTest.framework */ = {isa = PBXFileReference; lastKnownFileType = wrapper.framework; name = XCTest.framework; path = Library/Frameworks/XCTest.framework; sourceTree = DEVELOPER_DIR; };
		002217ED1930A723003786EA /* Prototype1Tests-Info.plist */ = {isa = PBXFileReference; lastKnownFileType = text.plist.xml; path = "Prototype1Tests-Info.plist"; sourceTree = "<group>"; };
		002217EF1930A723003786EA /* en */ = {isa = PBXFileReference; lastKnownFileType = text.plist.strings; name = en; path = en.lproj/InfoPlist.strings; sourceTree = "<group>"; };
		002217F11930A723003786EA /* Prototype1Tests.m */ = {isa = PBXFileReference; lastKnownFileType = sourcecode.c.objc; path = Prototype1Tests.m; sourceTree = "<group>"; };
		002217FB1930BAE6003786EA /* ImgFallsViewController.h */ = {isa = PBXFileReference; fileEncoding = 4; lastKnownFileType = sourcecode.c.h; path = ImgFallsViewController.h; sourceTree = "<group>"; };
		002217FC1930BAE7003786EA /* ImgFallsViewController.m */ = {isa = PBXFileReference; fileEncoding = 4; lastKnownFileType = sourcecode.c.objc; path = ImgFallsViewController.m; sourceTree = "<group>"; };
		724D49DC1931134300AADD71 /* Main.storyboard */ = {isa = PBXFileReference; fileEncoding = 4; lastKnownFileType = file.storyboard; path = Main.storyboard; sourceTree = "<group>"; };
		724D49DE1931135200AADD71 /* Main~ipad.storyboard */ = {isa = PBXFileReference; fileEncoding = 4; lastKnownFileType = file.storyboard; path = "Main~ipad.storyboard"; sourceTree = "<group>"; };
		724D4AF91931434200AADD71 /* 3q_my.png */ = {isa = PBXFileReference; lastKnownFileType = image.png; name = 3q_my.png; path = "Для презентаций/плоские птицы/3q_my.png"; sourceTree = "<group>"; };
		725C769B193146BF00C10295 /* Apple.png */ = {isa = PBXFileReference; lastKnownFileType = image.png; name = Apple.png; path = Images/Apple.png; sourceTree = "<group>"; };
		72A6DEBE193189470055AB66 /* bg.png */ = {isa = PBXFileReference; lastKnownFileType = image.png; name = bg.png; path = Images/bg.png; sourceTree = "<group>"; };
/* End PBXFileReference section */

/* Begin PBXFrameworksBuildPhase section */
		002217BD1930A722003786EA /* Frameworks */ = {
			isa = PBXFrameworksBuildPhase;
			buildActionMask = 2147483647;
			files = (
				002217C61930A722003786EA /* CoreGraphics.framework in Frameworks */,
				002217C81930A722003786EA /* UIKit.framework in Frameworks */,
				002217C41930A722003786EA /* Foundation.framework in Frameworks */,
			);
			runOnlyForDeploymentPostprocessing = 0;
		};
		002217E11930A723003786EA /* Frameworks */ = {
			isa = PBXFrameworksBuildPhase;
			buildActionMask = 2147483647;
			files = (
				002217E61930A723003786EA /* XCTest.framework in Frameworks */,
				002217E81930A723003786EA /* UIKit.framework in Frameworks */,
				002217E71930A723003786EA /* Foundation.framework in Frameworks */,
			);
			runOnlyForDeploymentPostprocessing = 0;
		};
/* End PBXFrameworksBuildPhase section */

/* Begin PBXGroup section */
		002217B71930A722003786EA = {
			isa = PBXGroup;
			children = (
				002217C91930A722003786EA /* Prototype1 */,
				002217EB1930A723003786EA /* Prototype1Tests */,
				002217C21930A722003786EA /* Frameworks */,
				002217C11930A722003786EA /* Products */,
				724D4AF91931434200AADD71 /* 3q_my.png */,
				725C769B193146BF00C10295 /* Apple.png */,
				72A6DEBE193189470055AB66 /* bg.png */,
			);
			sourceTree = "<group>";
		};
		002217C11930A722003786EA /* Products */ = {
			isa = PBXGroup;
			children = (
				002217C01930A722003786EA /* Prototype1.app */,
				002217E41930A723003786EA /* Prototype1Tests.xctest */,
			);
			name = Products;
			sourceTree = "<group>";
		};
		002217C21930A722003786EA /* Frameworks */ = {
			isa = PBXGroup;
			children = (
				002217C31930A722003786EA /* Foundation.framework */,
				002217C51930A722003786EA /* CoreGraphics.framework */,
				002217C71930A722003786EA /* UIKit.framework */,
				002217E51930A723003786EA /* XCTest.framework */,
			);
			name = Frameworks;
			sourceTree = "<group>";
		};
		002217C91930A722003786EA /* Prototype1 */ = {
			isa = PBXGroup;
			children = (
				002217FB1930BAE6003786EA /* ImgFallsViewController.h */,
				002217FC1930BAE7003786EA /* ImgFallsViewController.m */,
				002217D21930A722003786EA /* CTAppDelegate.h */,
				724D49DC1931134300AADD71 /* Main.storyboard */,
				724D49DE1931135200AADD71 /* Main~ipad.storyboard */,
				002217D31930A722003786EA /* CTAppDelegate.m */,
				002217DB1930A722003786EA /* GameViewController.h */,
				002217DC1930A722003786EA /* GameViewController.m */,
				002217DE1930A722003786EA /* Images.xcassets */,
				002217CA1930A722003786EA /* Supporting Files */,
			);
			path = Prototype1;
			sourceTree = "<group>";
		};
		002217CA1930A722003786EA /* Supporting Files */ = {
			isa = PBXGroup;
			children = (
				002217CB1930A722003786EA /* Prototype1-Info.plist */,
				002217CC1930A722003786EA /* InfoPlist.strings */,
				002217CF1930A722003786EA /* main.m */,
				002217D11930A722003786EA /* Prototype1-Prefix.pch */,
			);
			name = "Supporting Files";
			sourceTree = "<group>";
		};
		002217EB1930A723003786EA /* Prototype1Tests */ = {
			isa = PBXGroup;
			children = (
				002217F11930A723003786EA /* Prototype1Tests.m */,
				002217EC1930A723003786EA /* Supporting Files */,
			);
			path = Prototype1Tests;
			sourceTree = "<group>";
		};
		002217EC1930A723003786EA /* Supporting Files */ = {
			isa = PBXGroup;
			children = (
				002217ED1930A723003786EA /* Prototype1Tests-Info.plist */,
				002217EE1930A723003786EA /* InfoPlist.strings */,
			);
			name = "Supporting Files";
			sourceTree = "<group>";
		};
/* End PBXGroup section */

/* Begin PBXNativeTarget section */
		002217BF1930A722003786EA /* Prototype1 */ = {
			isa = PBXNativeTarget;
			buildConfigurationList = 002217F51930A723003786EA /* Build configuration list for PBXNativeTarget "Prototype1" */;
			buildPhases = (
				002217BC1930A722003786EA /* Sources */,
				002217BD1930A722003786EA /* Frameworks */,
				002217BE1930A722003786EA /* Resources */,
			);
			buildRules = (
			);
			dependencies = (
			);
			name = Prototype1;
			productName = Prototype1;
			productReference = 002217C01930A722003786EA /* Prototype1.app */;
			productType = "com.apple.product-type.application";
		};
		002217E31930A723003786EA /* Prototype1Tests */ = {
			isa = PBXNativeTarget;
			buildConfigurationList = 002217F81930A723003786EA /* Build configuration list for PBXNativeTarget "Prototype1Tests" */;
			buildPhases = (
				002217E01930A723003786EA /* Sources */,
				002217E11930A723003786EA /* Frameworks */,
				002217E21930A723003786EA /* Resources */,
			);
			buildRules = (
			);
			dependencies = (
				002217EA1930A723003786EA /* PBXTargetDependency */,
			);
			name = Prototype1Tests;
			productName = Prototype1Tests;
			productReference = 002217E41930A723003786EA /* Prototype1Tests.xctest */;
			productType = "com.apple.product-type.bundle.unit-test";
		};
/* End PBXNativeTarget section */

/* Begin PBXProject section */
		002217B81930A722003786EA /* Project object */ = {
			isa = PBXProject;
			attributes = {
				CLASSPREFIX = CT;
				LastUpgradeCheck = 0510;
				ORGANIZATIONNAME = "QW-bird";
				TargetAttributes = {
					002217E31930A723003786EA = {
						TestTargetID = 002217BF1930A722003786EA;
					};
				};
			};
			buildConfigurationList = 002217BB1930A722003786EA /* Build configuration list for PBXProject "Prototype1" */;
			compatibilityVersion = "Xcode 3.2";
			developmentRegion = English;
			hasScannedForEncodings = 0;
			knownRegions = (
				en,
				Base,
			);
			mainGroup = 002217B71930A722003786EA;
			productRefGroup = 002217C11930A722003786EA /* Products */;
			projectDirPath = "";
			projectRoot = "";
			targets = (
				002217BF1930A722003786EA /* Prototype1 */,
				002217E31930A723003786EA /* Prototype1Tests */,
			);
		};
/* End PBXProject section */

/* Begin PBXResourcesBuildPhase section */
		002217BE1930A722003786EA /* Resources */ = {
			isa = PBXResourcesBuildPhase;
			buildActionMask = 2147483647;
			files = (
				002217DF1930A722003786EA /* Images.xcassets in Resources */,
				002217CE1930A722003786EA /* InfoPlist.strings in Resources */,
				724D49DD1931134300AADD71 /* Main.storyboard in Resources */,
				724D49DF1931135200AADD71 /* Main~ipad.storyboard in Resources */,
				724D4AFA1931434200AADD71 /* 3q_my.png in Resources */,
				725C769C193146BF00C10295 /* Apple.png in Resources */,
				72A6DEBF193189470055AB66 /* bg.png in Resources */,
			);
			runOnlyForDeploymentPostprocessing = 0;
		};
		002217E21930A723003786EA /* Resources */ = {
			isa = PBXResourcesBuildPhase;
			buildActionMask = 2147483647;
			files = (
				002217F01930A723003786EA /* InfoPlist.strings in Resources */,
			);
			runOnlyForDeploymentPostprocessing = 0;
		};
/* End PBXResourcesBuildPhase section */

/* Begin PBXSourcesBuildPhase section */
		002217BC1930A722003786EA /* Sources */ = {
			isa = PBXSourcesBuildPhase;
			buildActionMask = 2147483647;
			files = (
				002217D01930A722003786EA /* main.m in Sources */,
				002217FD1930BAE7003786EA /* ImgFallsViewController.m in Sources */,
				002217D41930A722003786EA /* CTAppDelegate.m in Sources */,
				002217DD1930A722003786EA /* GameViewController.m in Sources */,
			);
			runOnlyForDeploymentPostprocessing = 0;
		};
		002217E01930A723003786EA /* Sources */ = {
			isa = PBXSourcesBuildPhase;
			buildActionMask = 2147483647;
			files = (
				002217F21930A723003786EA /* Prototype1Tests.m in Sources */,
			);
			runOnlyForDeploymentPostprocessing = 0;
		};
/* End PBXSourcesBuildPhase section */

/* Begin PBXTargetDependency section */
		002217EA1930A723003786EA /* PBXTargetDependency */ = {
			isa = PBXTargetDependency;
			target = 002217BF1930A722003786EA /* Prototype1 */;
			targetProxy = 002217E91930A723003786EA /* PBXContainerItemProxy */;
		};
/* End PBXTargetDependency section */

/* Begin PBXVariantGroup section */
		002217CC1930A722003786EA /* InfoPlist.strings */ = {
			isa = PBXVariantGroup;
			children = (
				002217CD1930A722003786EA /* en */,
			);
			name = InfoPlist.strings;
			sourceTree = "<group>";
		};
		002217EE1930A723003786EA /* InfoPlist.strings */ = {
			isa = PBXVariantGroup;
			children = (
				002217EF1930A723003786EA /* en */,
			);
			name = InfoPlist.strings;
			sourceTree = "<group>";
		};
/* End PBXVariantGroup section */

/* Begin XCBuildConfiguration section */
		002217F31930A723003786EA /* Debug */ = {
			isa = XCBuildConfiguration;
			buildSettings = {
				ALWAYS_SEARCH_USER_PATHS = NO;
				CLANG_CXX_LANGUAGE_STANDARD = "gnu++0x";
				CLANG_CXX_LIBRARY = "libc++";
				CLANG_ENABLE_MODULES = YES;
				CLANG_ENABLE_OBJC_ARC = YES;
				CLANG_WARN_BOOL_CONVERSION = YES;
				CLANG_WARN_CONSTANT_CONVERSION = YES;
				CLANG_WARN_DIRECT_OBJC_ISA_USAGE = YES_ERROR;
				CLANG_WARN_EMPTY_BODY = YES;
				CLANG_WARN_ENUM_CONVERSION = YES;
				CLANG_WARN_INT_CONVERSION = YES;
				CLANG_WARN_OBJC_ROOT_CLASS = YES_ERROR;
				CLANG_WARN__DUPLICATE_METHOD_MATCH = YES;
				"CODE_SIGN_IDENTITY[sdk=iphoneos*]" = "iPhone Developer";
				COPY_PHASE_STRIP = NO;
				GCC_C_LANGUAGE_STANDARD = gnu99;
				GCC_DYNAMIC_NO_PIC = NO;
				GCC_OPTIMIZATION_LEVEL = 0;
				GCC_PREPROCESSOR_DEFINITIONS = (
					"DEBUG=1",
					"$(inherited)",
				);
				GCC_SYMBOLS_PRIVATE_EXTERN = NO;
				GCC_WARN_64_TO_32_BIT_CONVERSION = YES;
				GCC_WARN_ABOUT_RETURN_TYPE = YES_ERROR;
				GCC_WARN_UNDECLARED_SELECTOR = YES;
				GCC_WARN_UNINITIALIZED_AUTOS = YES_AGGRESSIVE;
				GCC_WARN_UNUSED_FUNCTION = YES;
				GCC_WARN_UNUSED_VARIABLE = YES;
				IPHONEOS_DEPLOYMENT_TARGET = 7.1;
				ONLY_ACTIVE_ARCH = YES;
				SDKROOT = iphoneos;
				TARGETED_DEVICE_FAMILY = "1,2";
			};
			name = Debug;
		};
		002217F41930A723003786EA /* Release */ = {
			isa = XCBuildConfiguration;
			buildSettings = {
				ALWAYS_SEARCH_USER_PATHS = NO;
				CLANG_CXX_LANGUAGE_STANDARD = "gnu++0x";
				CLANG_CXX_LIBRARY = "libc++";
				CLANG_ENABLE_MODULES = YES;
				CLANG_ENABLE_OBJC_ARC = YES;
				CLANG_WARN_BOOL_CONVERSION = YES;
				CLANG_WARN_CONSTANT_CONVERSION = YES;
				CLANG_WARN_DIRECT_OBJC_ISA_USAGE = YES_ERROR;
				CLANG_WARN_EMPTY_BODY = YES;
				CLANG_WARN_ENUM_CONVERSION = YES;
				CLANG_WARN_INT_CONVERSION = YES;
				CLANG_WARN_OBJC_ROOT_CLASS = YES_ERROR;
				CLANG_WARN__DUPLICATE_METHOD_MATCH = YES;
				"CODE_SIGN_IDENTITY[sdk=iphoneos*]" = "iPhone Developer";
				COPY_PHASE_STRIP = YES;
				ENABLE_NS_ASSERTIONS = NO;
				GCC_C_LANGUAGE_STANDARD = gnu99;
				GCC_WARN_64_TO_32_BIT_CONVERSION = YES;
				GCC_WARN_ABOUT_RETURN_TYPE = YES_ERROR;
				GCC_WARN_UNDECLARED_SELECTOR = YES;
				GCC_WARN_UNINITIALIZED_AUTOS = YES_AGGRESSIVE;
				GCC_WARN_UNUSED_FUNCTION = YES;
				GCC_WARN_UNUSED_VARIABLE = YES;
				IPHONEOS_DEPLOYMENT_TARGET = 7.1;
				SDKROOT = iphoneos;
				TARGETED_DEVICE_FAMILY = "1,2";
				VALIDATE_PRODUCT = YES;
			};
			name = Release;
		};
		002217F61930A723003786EA /* Debug */ = {
			isa = XCBuildConfiguration;
			buildSettings = {
				ASSETCATALOG_COMPILER_APPICON_NAME = AppIcon;
				ASSETCATALOG_COMPILER_LAUNCHIMAGE_NAME = LaunchImage;
				GCC_PRECOMPILE_PREFIX_HEADER = YES;
				GCC_PREFIX_HEADER = "Prototype1/Prototype1-Prefix.pch";
				INFOPLIST_FILE = "Prototype1/Prototype1-Info.plist";
				IPHONEOS_DEPLOYMENT_TARGET = 6.1;
				PRODUCT_NAME = "$(TARGET_NAME)";
				WRAPPER_EXTENSION = app;
			};
			name = Debug;
		};
		002217F71930A723003786EA /* Release */ = {
			isa = XCBuildConfiguration;
			buildSettings = {
				ASSETCATALOG_COMPILER_APPICON_NAME = AppIcon;
				ASSETCATALOG_COMPILER_LAUNCHIMAGE_NAME = LaunchImage;
				GCC_PRECOMPILE_PREFIX_HEADER = YES;
				GCC_PREFIX_HEADER = "Prototype1/Prototype1-Prefix.pch";
				INFOPLIST_FILE = "Prototype1/Prototype1-Info.plist";
				IPHONEOS_DEPLOYMENT_TARGET = 6.1;
				PRODUCT_NAME = "$(TARGET_NAME)";
				WRAPPER_EXTENSION = app;
			};
			name = Release;
		};
		002217F91930A723003786EA /* Debug */ = {
			isa = XCBuildConfiguration;
			buildSettings = {
				BUNDLE_LOADER = "$(BUILT_PRODUCTS_DIR)/Prototype1.app/Prototype1";
				FRAMEWORK_SEARCH_PATHS = (
					"$(SDKROOT)/Developer/Library/Frameworks",
					"$(inherited)",
					"$(DEVELOPER_FRAMEWORKS_DIR)",
				);
				GCC_PRECOMPILE_PREFIX_HEADER = YES;
				GCC_PREFIX_HEADER = "Prototype1/Prototype1-Prefix.pch";
				GCC_PREPROCESSOR_DEFINITIONS = (
					"DEBUG=1",
					"$(inherited)",
				);
				INFOPLIST_FILE = "Prototype1Tests/Prototype1Tests-Info.plist";
				PRODUCT_NAME = "$(TARGET_NAME)";
				TEST_HOST = "$(BUNDLE_LOADER)";
				WRAPPER_EXTENSION = xctest;
			};
			name = Debug;
		};
		002217FA1930A723003786EA /* Release */ = {
			isa = XCBuildConfiguration;
			buildSettings = {
				BUNDLE_LOADER = "$(BUILT_PRODUCTS_DIR)/Prototype1.app/Prototype1";
				FRAMEWORK_SEARCH_PATHS = (
					"$(SDKROOT)/Developer/Library/Frameworks",
					"$(inherited)",
					"$(DEVELOPER_FRAMEWORKS_DIR)",
				);
				GCC_PRECOMPILE_PREFIX_HEADER = YES;
				GCC_PREFIX_HEADER = "Prototype1/Prototype1-Prefix.pch";
				INFOPLIST_FILE = "Prototype1Tests/Prototype1Tests-Info.plist";
				PRODUCT_NAME = "$(TARGET_NAME)";
				TEST_HOST = "$(BUNDLE_LOADER)";
				WRAPPER_EXTENSION = xctest;
			};
			name = Release;
		};
/* End XCBuildConfiguration section */

/* Begin XCConfigurationList section */
		002217BB1930A722003786EA /* Build configuration list for PBXProject "Prototype1" */ = {
			isa = XCConfigurationList;
			buildConfigurations = (
				002217F31930A723003786EA /* Debug */,
				002217F41930A723003786EA /* Release */,
			);
			defaultConfigurationIsVisible = 0;
			defaultConfigurationName = Release;
		};
		002217F51930A723003786EA /* Build configuration list for PBXNativeTarget "Prototype1" */ = {
			isa = XCConfigurationList;
			buildConfigurations = (
				002217F61930A723003786EA /* Debug */,
				002217F71930A723003786EA /* Release */,
			);
			defaultConfigurationIsVisible = 0;
			defaultConfigurationName = Release;
		};
		002217F81930A723003786EA /* Build configuration list for PBXNativeTarget "Prototype1Tests" */ = {
			isa = XCConfigurationList;
			buildConfigurations = (
				002217F91930A723003786EA /* Debug */,
				002217FA1930A723003786EA /* Release */,
			);
			defaultConfigurationIsVisible = 0;
			defaultConfigurationName = Release;
		};
/* End XCConfigurationList section */
	};
	rootObject = 002217B81930A722003786EA /* Project object */;
}
